<?xml version="1.0" encoding="utf-8"?>
<Project ToolsVersion="4.0" xmlns="http://schemas.microsoft.com/developer/msbuild/2003">
  <ItemGroup>
    <Filter Include="源文件">
      <UniqueIdentifier>{4FC737F1-C7A5-4376-A066-2A32D752A2FF}</UniqueIdentifier>
      <Extensions>cpp;c;cc;cxx;c++;cppm;ixx;def;odl;idl;hpj;bat;asm;asmx</Extensions>
    </Filter>
    <Filter Include="资源文件">
      <UniqueIdentifier>{67DA6AB6-F800-4c08-8B7A-83BB121AAD01}</UniqueIdentifier>
      <Extensions>rc;ico;cur;bmp;dlg;rc2;rct;bin;rgs;gif;jpg;jpeg;jpe;resx;tiff;tif;png;wav;mfcribbon-ms</Extensions>
    </Filter>
  </ItemGroup>
  <ItemGroup>
    <ClCompile Include="abess-core.cpp">
      <Filter>源文件</Filter>
    </ClCompile>
    <ClCompile Include="..\..\abess\python\src\List.cpp">
      <Filter>源文件</Filter>
    </ClCompile>
    <ClCompile Include="..\..\abess\src\api.cpp">
      <Filter>源文件</Filter>
    </ClCompile>
    <ClCompile Include="..\..\abess\src\normalize.cpp">
      <Filter>源文件</Filter>
    </ClCompile>
    <ClCompile Include="..\..\abess\src\utilities.cpp">
      <Filter>源文件</Filter>
    </ClCompile>
    <ClCompile Include="..\..\abess\src\UniversalData.cpp">
      <Filter>源文件</Filter>
    </ClCompile>
    <ClCompile Include="universalFunction.cpp">
      <Filter>源文件</Filter>
    </ClCompile>
  </ItemGroup>
  <ItemGroup>
    <ClInclude Include="..\..\abess\python\src\List.h">
      <Filter>源文件</Filter>
    </ClInclude>
    <ClInclude Include="..\..\abess\src\abessOpenMP.h">
      <Filter>源文件</Filter>
    </ClInclude>
    <ClInclude Include="..\..\abess\src\Algorithm.h">
      <Filter>源文件</Filter>
    </ClInclude>
    <ClInclude Include="..\..\abess\src\AlgorithmGLM.h">
      <Filter>源文件</Filter>
    </ClInclude>
    <ClInclude Include="..\..\abess\src\AlgorithmPCA.h">
      <Filter>源文件</Filter>
    </ClInclude>
    <ClInclude Include="..\..\abess\src\api.h">
      <Filter>源文件</Filter>
    </ClInclude>
    <ClInclude Include="..\..\abess\src\Data.h">
      <Filter>源文件</Filter>
    </ClInclude>
    <ClInclude Include="..\..\abess\src\Metric.h">
      <Filter>源文件</Filter>
    </ClInclude>
    <ClInclude Include="..\..\abess\src\normalize.h">
      <Filter>源文件</Filter>
    </ClInclude>
    <ClInclude Include="..\..\abess\src\path.h">
      <Filter>源文件</Filter>
    </ClInclude>
    <ClInclude Include="..\..\abess\src\screening.h">
      <Filter>源文件</Filter>
    </ClInclude>
    <ClInclude Include="..\..\abess\src\utilities.h">
      <Filter>源文件</Filter>
    </ClInclude>
    <ClInclude Include="..\..\abess\src\workflow.h">
      <Filter>源文件</Filter>
    </ClInclude>
    <ClInclude Include="abess-core.h">
      <Filter>源文件</Filter>
    </ClInclude>
    <ClInclude Include="..\..\abess\src\UniversalData.h">
      <Filter>源文件</Filter>
    </ClInclude>
  </ItemGroup>
  <ItemGroup>
    <None Include="x.csv">
      <Filter>资源文件</Filter>
    </None>
    <None Include="y.csv">
      <Filter>资源文件</Filter>
    </None>
  </ItemGroup>
</Project>